{
  "name": "quizsage-client",
  "version": "1.0.0",
  "lockfileVersion": 3,
  "requires": true,
  "packages": {
    "": {
      "name": "quizsage-client",
      "version": "1.0.0",
      "license": "ISC",
      "dependencies": {
        "json-color-stream": "^1.2.0"
      }
    },
    "node_modules/json-color-stream": {
      "version": "1.2.0",
      "resolved": "https://registry.npmjs.org/json-color-stream/-/json-color-stream-1.2.0.tgz",
      "integrity": "sha512-JU7c3gjHz67aPAKLpaYnV9M5seOWBgqT9yHssKQrftJCrkHv5LVwGiNHoocEKcIs6xQMAtnQtFNEiblSX/dlzQ==",
      "dependencies": {
        "yaclc": "^1.1.0"
      },
      "bin": {
        "jcs": "cli.js"
      }
    },
    "node_modules/yaclc": {
      "version": "1.1.0",
      "resolved": "https://registry.npmjs.org/yaclc/-/yaclc-1.1.0.tgz",
      "integrity": "sha512-lCFmRQO0/BfrJ1xjHWpI/9sDD+nraUdwpHZFoc+TFAoUTfMD3NT8lIhMtIzDmxL0nx1cz4KmodeZ7+MjX+Dd0A==",
      "engines": {
        "node": ">=12"
      }
    }
  }
}
